// !$*UTF8*$!
{
	archiveVersion = 1;
	classes = {
	};
	objectVersion = 56;
	objects = {

/* Begin PBXBuildFile section */
		AE47CCA72A1CF5D0005FB844 /* CalculadoraApp.swift in Sources */ = {isa = PBXBuildFile; fileRef = AE47CCA62A1CF5D0005FB844 /* CalculadoraApp.swift */; };
		AE47CCA92A1CF5D0005FB844 /* ContentView.swift in Sources */ = {isa = PBXBuildFile; fileRef = AE47CCA82A1CF5D0005FB844 /* ContentView.swift */; };
		AE47CCAB2A1CF5D1005FB844 /* Assets.xcassets in Resources */ = {isa = PBXBuildFile; fileRef = AE47CCAA2A1CF5D1005FB844 /* Assets.xcassets */; };
		AE47CCAE2A1CF5D1005FB844 /* Preview Assets.xcassets in Resources */ = {isa = PBXBuildFile; fileRef = AE47CCAD2A1CF5D1005FB844 /* Preview Assets.xcassets */; };
		AE47CCB52A1CF5F6005FB844 /* Model.swift in Sources */ = {isa = PBXBuildFile; fileRef = AE47CCB42A1CF5F6005FB844 /* Model.swift */; };
		AE47CCB72A1CF833005FB844 /* Colors.swift in Sources */ = {isa = PBXBuildFile; fileRef = AE47CCB62A1CF833005FB844 /* Colors.swift */; };
		AE47CCB92A1CF9D4005FB844 /* Matrix.swift in Sources */ = {isa = PBXBuildFile; fileRef = AE47CCB82A1CF9D4005FB844 /* Matrix.swift */; };
		AE47CCBB2A1D1268005FB844 /* SeccionView.swift in Sources */ = {isa = PBXBuildFile; fileRef = AE47CCBA2A1D1268005FB844 /* SeccionView.swift */; };
		AE47CCBD2A1D2E67005FB844 /* ViewModel.swift in Sources */ = {isa = PBXBuildFile; fileRef = AE47CCBC2A1D2E67005FB844 /* ViewModel.swift */; };
/* End PBXBuildFile section */

/* Begin PBXFileReference section */
		AE47CCA32A1CF5D0005FB844 /* Calculadora.app */ = {isa = PBXFileReference; explicitFileType = wrapper.application; includeInIndex = 0; path = Calculadora.app; sourceTree = BUILT_PRODUCTS_DIR; };
		AE47CCA62A1CF5D0005FB844 /* CalculadoraApp.swift */ = {isa = PBXFileReference; lastKnownFileType = sourcecode.swift; path = CalculadoraApp.swift; sourceTree = "<group>"; };
		AE47CCA82A1CF5D0005FB844 /* ContentView.swift */ = {isa = PBXFileReference; lastKnownFileType = sourcecode.swift; path = ContentView.swift; sourceTree = "<group>"; };
		AE47CCAA2A1CF5D1005FB844 /* Assets.xcassets */ = {isa = PBXFileReference; lastKnownFileType = folder.assetcatalog; path = Assets.xcassets; sourceTree = "<group>"; };
		AE47CCAD2A1CF5D1005FB844 /* Preview Assets.xcassets */ = {isa = PBXFileReference; lastKnownFileType = folder.assetcatalog; path = "Preview Assets.xcassets"; sourceTree = "<group>"; };
		AE47CCB42A1CF5F6005FB844 /* Model.swift */ = {isa = PBXFileReference; lastKnownFileType = sourcecode.swift; path = Model.swift; sourceTree = "<group>"; };
		AE47CCB62A1CF833005FB844 /* Colors.swift */ = {isa = PBXFileReference; lastKnownFileType = sourcecode.swift; path = Colors.swift; sourceTree = "<group>"; };
		AE47CCB82A1CF9D4005FB844 /* Matrix.swift */ = {isa = PBXFileReference; lastKnownFileType = sourcecode.swift; path = Matrix.swift; sourceTree = "<group>"; };
		AE47CCBA2A1D1268005FB844 /* SeccionView.swift */ = {isa = PBXFileReference; lastKnownFileType = sourcecode.swift; path = SeccionView.swift; sourceTree = "<group>"; };
		AE47CCBC2A1D2E67005FB844 /* ViewModel.swift */ = {isa = PBXFileReference; lastKnownFileType = sourcecode.swift; path = ViewModel.swift; sourceTree = "<group>"; };
/* End PBXFileReference section */

/* Begin PBXFrameworksBuildPhase section */
		AE47CCA02A1CF5D0005FB844 /* Frameworks */ = {
			isa = PBXFrameworksBuildPhase;
			buildActionMask = 2147483647;
			files = (
			);
			runOnlyForDeploymentPostprocessing = 0;
		};
/* End PBXFrameworksBuildPhase section */

/* Begin PBXGroup section */
		AE47CC9A2A1CF5D0005FB844 = {
			isa = PBXGroup;
			children = (
				AE47CCA52A1CF5D0005FB844 /* Calculadora */,
				AE47CCA42A1CF5D0005FB844 /* Products */,
			);
			sourceTree = "<group>";
		};
		AE47CCA42A1CF5D0005FB844 /* Products */ = {
			isa = PBXGroup;
			children = (
				AE47CCA32A1CF5D0005FB844 /* Calculadora.app */,
			);
			name = Products;
			sourceTree = "<group>";
		};
		AE47CCA52A1CF5D0005FB844 /* Calculadora */ = {
			isa = PBXGroup;
			children = (
				AE47CCA62A1CF5D0005FB844 /* CalculadoraApp.swift */,
				AE47CCA82A1CF5D0005FB844 /* ContentView.swift */,
				AE47CCBC2A1D2E67005FB844 /* ViewModel.swift */,
				AE47CCB42A1CF5F6005FB844 /* Model.swift */,
				AE47CCBA2A1D1268005FB844 /* SeccionView.swift */,
				AE47CCB62A1CF833005FB844 /* Colors.swift */,
				AE47CCB82A1CF9D4005FB844 /* Matrix.swift */,
				AE47CCAA2A1CF5D1005FB844 /* Assets.xcassets */,
				AE47CCAC2A1CF5D1005FB844 /* Preview Content */,
			);
			path = Calculadora;
			sourceTree = "<group>";
		};
		AE47CCAC2A1CF5D1005FB844 /* Preview Content */ = {
			isa = PBXGroup;
			children = (
				AE47CCAD2A1CF5D1005FB844 /* Preview Assets.xcassets */,
			);
			path = "Preview Content";
			sourceTree = "<group>";
		};
/* End PBXGroup section */

/* Begin PBXNativeTarget section */
		AE47CCA22A1CF5D0005FB844 /* Calculadora */ = {
			isa = PBXNativeTarget;
			buildConfigurationList = AE47CCB12A1CF5D1005FB844 /* Build configuration list for PBXNativeTarget "Calculadora" */;
			buildPhases = (
				AE47CC9F2A1CF5D0005FB844 /* Sources */,
				AE47CCA02A1CF5D0005FB844 /* Frameworks */,
				AE47CCA12A1CF5D0005FB844 /* Resources */,
			);
			buildRules = (
			);
			dependencies = (
			);
			name = Calculadora;
			productName = Calculadora;
			productReference = AE47CCA32A1CF5D0005FB844 /* Calculadora.app */;
			productType = "com.apple.product-type.application";
		};
/* End PBXNativeTarget section */

/* Begin PBXProject section */
		AE47CC9B2A1CF5D0005FB844 /* Project object */ = {
			isa = PBXProject;
			attributes = {
				BuildIndependentTargetsInParallel = 1;
				LastSwiftUpdateCheck = 1430;
				LastUpgradeCheck = 1430;
				TargetAttributes = {
					AE47CCA22A1CF5D0005FB844 = {
						CreatedOnToolsVersion = 14.3;
					};
				};
			};
			buildConfigurationList = AE47CC9E2A1CF5D0005FB844 /* Build configuration list for PBXProject "Calculadora" */;
			compatibilityVersion = "Xcode 14.0";
			developmentRegion = en;
			hasScannedForEncodings = 0;
			knownRegions = (
				en,
				Base,
			);
			mainGroup = AE47CC9A2A1CF5D0005FB844;
			productRefGroup = AE47CCA42A1CF5D0005FB844 /* Products */;
			projectDirPath = "";
			projectRoot = "";
			targets = (
				AE47CCA22A1CF5D0005FB844 /* Calculadora */,
			);
		};
/* End PBXProject section */

/* Begin PBXResourcesBuildPhase section */
		AE47CCA12A1CF5D0005FB844 /* Resources */ = {
			isa = PBXResourcesBuildPhase;
			buildActionMask = 2147483647;
			files = (
				AE47CCAE2A1CF5D1005FB844 /* Preview Assets.xcassets in Resources */,
				AE47CCAB2A1CF5D1005FB844 /* Assets.xcassets in Resources */,
			);
			runOnlyForDeploymentPostprocessing = 0;
		};
/* End PBXResourcesBuildPhase section */

/* Begin PBXSourcesBuildPhase section */
		AE47CC9F2A1CF5D0005FB844 /* Sources */ = {
			isa = PBXSourcesBuildPhase;
			buildActionMask = 2147483647;
			files = (
				AE47CCB52A1CF5F6005FB844 /* Model.swift in Sources */,
				AE47CCB92A1CF9D4005FB844 /* Matrix.swift in Sources */,
				AE47CCBB2A1D1268005FB844 /* SeccionView.swift in Sources */,
				AE47CCB72A1CF833005FB844 /* Colors.swift in Sources */,
				AE47CCA92A1CF5D0005FB844 /* ContentView.swift in Sources */,
				AE47CCA72A1CF5D0005FB844 /* CalculadoraApp.swift in Sources */,
				AE47CCBD2A1D2E67005FB844 /* ViewModel.swift in Sources */,
			);
			runOnlyForDeploymentPostprocessing = 0;
		};
/* End PBXSourcesBuildPhase section */

/* Begin XCBuildConfiguration section */
		AE47CCAF2A1CF5D1005FB844 /* Debug */ = {
			isa = XCBuildConfiguration;
			buildSettings = {
				ALWAYS_SEARCH_USER_PATHS = NO;
				CLANG_ANALYZER_NONNULL = YES;
				CLANG_ANALYZER_NUMBER_OBJECT_CONVERSION = YES_AGGRESSIVE;
				CLANG_CXX_LANGUAGE_STANDARD = "gnu++20";
				CLANG_ENABLE_MODULES = YES;
				CLANG_ENABLE_OBJC_ARC = YES;
				CLANG_ENABLE_OBJC_WEAK = YES;
				CLANG_WARN_BLOCK_CAPTURE_AUTORELEASING = YES;
				CLANG_WARN_BOOL_CONVERSION = YES;
				CLANG_WARN_COMMA = YES;
				CLANG_WARN_CONSTANT_CONVERSION = YES;
				CLANG_WARN_DEPRECATED_OBJC_IMPLEMENTATIONS = YES;
				CLANG_WARN_DIRECT_OBJC_ISA_USAGE = YES_ERROR;
				CLANG_WARN_DOCUMENTATION_COMMENTS = YES;
				CLANG_WARN_EMPTY_BODY = YES;
				CLANG_WARN_ENUM_CONVERSION = YES;
				CLANG_WARN_INFINITE_RECURSION = YES;
				CLANG_WARN_INT_CONVERSION = YES;
				CLANG_WARN_NON_LITERAL_NULL_CONVERSION = YES;
				CLANG_WARN_OBJC_IMPLICIT_RETAIN_SELF = YES;
				CLANG_WARN_OBJC_LITERAL_CONVERSION = YES;
				CLANG_WARN_OBJC_ROOT_CLASS = YES_ERROR;
				CLANG_WARN_QUOTED_INCLUDE_IN_FRAMEWORK_HEADER = YES;
				CLANG_WARN_RANGE_LOOP_ANALYSIS = YES;
				CLANG_WARN_STRICT_PROTOTYPES = YES;
				CLANG_WARN_SUSPICIOUS_MOVE = YES;
				CLANG_WARN_UNGUARDED_AVAILABILITY = YES_AGGRESSIVE;
				CLANG_WARN_UNREACHABLE_CODE = YES;
				CLANG_WARN__DUPLICATE_METHOD_MATCH = YES;
				COPY_PHASE_STRIP = NO;
				DEBUG_INFORMATION_FORMAT = dwarf;
				ENABLE_STRICT_OBJC_MSGSEND = YES;
				ENABLE_TESTABILITY = YES;
				GCC_C_LANGUAGE_STANDARD = gnu11;
				GCC_DYNAMIC_NO_PIC = NO;
				GCC_NO_COMMON_BLOCKS = YES;
				GCC_OPTIMIZATION_LEVEL = 0;
				GCC_PREPROCESSOR_DEFINITIONS = (
					"DEBUG=1",
					"$(inherited)",
				);
				GCC_WARN_64_TO_32_BIT_CONVERSION = YES;
				GCC_WARN_ABOUT_RETURN_TYPE = YES_ERROR;
				GCC_WARN_UNDECLARED_SELECTOR = YES;
				GCC_WARN_UNINITIALIZED_AUTOS = YES_AGGRESSIVE;
				GCC_WARN_UNUSED_FUNCTION = YES;
				GCC_WARN_UNUSED_VARIABLE = YES;
				IPHONEOS_DEPLOYMENT_TARGET = 16.4;
				MTL_ENABLE_DEBUG_INFO = INCLUDE_SOURCE;
				MTL_FAST_MATH = YES;
				ONLY_ACTIVE_ARCH = YES;
				SDKROOT = iphoneos;
				SWIFT_ACTIVE_COMPILATION_CONDITIONS = DEBUG;
				SWIFT_OPTIMIZATION_LEVEL = "-Onone";
			};
			name = Debug;
		};
		AE47CCB02A1CF5D1005FB844 /* Release */ = {
			isa = XCBuildConfiguration;
			buildSettings = {
				ALWAYS_SEARCH_USER_PATHS = NO;
				CLANG_ANALYZER_NONNULL = YES;
				CLANG_ANALYZER_NUMBER_OBJECT_CONVERSION = YES_AGGRESSIVE;
				CLANG_CXX_LANGUAGE_STANDARD = "gnu++20";
				CLANG_ENABLE_MODULES = YES;
				CLANG_ENABLE_OBJC_ARC = YES;
				CLANG_ENABLE_OBJC_WEAK = YES;
				CLANG_WARN_BLOCK_CAPTURE_AUTORELEASING = YES;
				CLANG_WARN_BOOL_CONVERSION = YES;
				CLANG_WARN_COMMA = YES;
				CLANG_WARN_CONSTANT_CONVERSION = YES;
				CLANG_WARN_DEPRECATED_OBJC_IMPLEMENTATIONS = YES;
				CLANG_WARN_DIRECT_OBJC_ISA_USAGE = YES_ERROR;
				CLANG_WARN_DOCUMENTATION_COMMENTS = YES;
				CLANG_WARN_EMPTY_BODY = YES;
				CLANG_WARN_ENUM_CONVERSION = YES;
				CLANG_WARN_INFINITE_RECURSION = YES;
				CLANG_WARN_INT_CONVERSION = YES;
				CLANG_WARN_NON_LITERAL_NULL_CONVERSION = YES;
				CLANG_WARN_OBJC_IMPLICIT_RETAIN_SELF = YES;
				CLANG_WARN_OBJC_LITERAL_CONVERSION = YES;
				CLANG_WARN_OBJC_ROOT_CLASS = YES_ERROR;
				CLANG_WARN_QUOTED_INCLUDE_IN_FRAMEWORK_HEADER = YES;
				CLANG_WARN_RANGE_LOOP_ANALYSIS = YES;
				CLANG_WARN_STRICT_PROTOTYPES = YES;
				CLANG_WARN_SUSPICIOUS_MOVE = YES;
				CLANG_WARN_UNGUARDED_AVAILABILITY = YES_AGGRESSIVE;
				CLANG_WARN_UNREACHABLE_CODE = YES;
				CLANG_WARN__DUPLICATE_METHOD_MATCH = YES;
				COPY_PHASE_STRIP = NO;
				DEBUG_INFORMATION_FORMAT = "dwarf-with-dsym";
				ENABLE_NS_ASSERTIONS = NO;
				ENABLE_STRICT_OBJC_MSGSEND = YES;
				GCC_C_LANGUAGE_STANDARD = gnu11;
				GCC_NO_COMMON_BLOCKS = YES;
				GCC_WARN_64_TO_32_BIT_CONVERSION = YES;
				GCC_WARN_ABOUT_RETURN_TYPE = YES_ERROR;
				GCC_WARN_UNDECLARED_SELECTOR = YES;
				GCC_WARN_UNINITIALIZED_AUTOS = YES_AGGRESSIVE;
				GCC_WARN_UNUSED_FUNCTION = YES;
				GCC_WARN_UNUSED_VARIABLE = YES;
				IPHONEOS_DEPLOYMENT_TARGET = 16.4;
				MTL_ENABLE_DEBUG_INFO = NO;
				MTL_FAST_MATH = YES;
				SDKROOT = iphoneos;
				SWIFT_COMPILATION_MODE = wholemodule;
				SWIFT_OPTIMIZATION_LEVEL = "-O";
				VALIDATE_PRODUCT = YES;
			};
			name = Release;
		};
		AE47CCB22A1CF5D1005FB844 /* Debug */ = {
			isa = XCBuildConfiguration;
			buildSettings = {
				ASSETCATALOG_COMPILER_APPICON_NAME = AppIcon;
				ASSETCATALOG_COMPILER_GLOBAL_ACCENT_COLOR_NAME = AccentColor;
				CODE_SIGN_STYLE = Automatic;
				CURRENT_PROJECT_VERSION = 1;
				DEVELOPMENT_ASSET_PATHS = "\"Calculadora/Preview Content\"";
				DEVELOPMENT_TEAM = BU5UF762GK;
				ENABLE_PREVIEWS = YES;
				GENERATE_INFOPLIST_FILE = YES;
				INFOPLIST_KEY_UIApplicationSceneManifest_Generation = YES;
				INFOPLIST_KEY_UIApplicationSupportsIndirectInputEvents = YES;
				INFOPLIST_KEY_UILaunchScreen_Generation = YES;
				INFOPLIST_KEY_UISupportedInterfaceOrientations_iPad = "UIInterfaceOrientationPortrait UIInterfaceOrientationPortraitUpsideDown UIInterfaceOrientationLandscapeLeft UIInterfaceOrientationLandscapeRight";
				INFOPLIST_KEY_UISupportedInterfaceOrientations_iPhone = "UIInterfaceOrientationPortrait UIInterfaceOrientationLandscapeLeft UIInterfaceOrientationLandscapeRight";
				LD_RUNPATH_SEARCH_PATHS = (
					"$(inherited)",
					"@executable_path/Frameworks",
				);
				MARKETING_VERSION = 1.0;
				PRODUCT_BUNDLE_IDENTIFIER = com.egnapolo.Calculadora;
				PRODUCT_NAME = "$(TARGET_NAME)";
				SWIFT_EMIT_LOC_STRINGS = YES;
				SWIFT_VERSION = 5.0;
				TARGETED_DEVICE_FAMILY = "1,2";
			};
			name = Debug;
		};
		AE47CCB32A1CF5D1005FB844 /* Release */ = {
			isa = XCBuildConfiguration;
			buildSettings = {
				ASSETCATALOG_COMPILER_APPICON_NAME = AppIcon;
				ASSETCATALOG_COMPILER_GLOBAL_ACCENT_COLOR_NAME = AccentColor;
				CODE_SIGN_STYLE = Automatic;
				CURRENT_PROJECT_VERSION = 1;
				DEVELOPMENT_ASSET_PATHS = "\"Calculadora/Preview Content\"";
				DEVELOPMENT_TEAM = BU5UF762GK;
				ENABLE_PREVIEWS = YES;
				GENERATE_INFOPLIST_FILE = YES;
				INFOPLIST_KEY_UIApplicationSceneManifest_Generation = YES;
				INFOPLIST_KEY_UIApplicationSupportsIndirectInputEvents = YES;
				INFOPLIST_KEY_UILaunchScreen_Generation = YES;
				INFOPLIST_KEY_UISupportedInterfaceOrientations_iPad = "UIInterfaceOrientationPortrait UIInterfaceOrientationPortraitUpsideDown UIInterfaceOrientationLandscapeLeft UIInterfaceOrientationLandscapeRight";
				INFOPLIST_KEY_UISupportedInterfaceOrientations_iPhone = "UIInterfaceOrientationPortrait UIInterfaceOrientationLandscapeLeft UIInterfaceOrientationLandscapeRight";
				LD_RUNPATH_SEARCH_PATHS = (
					"$(inherited)",
					"@executable_path/Frameworks",
				);
				MARKETING_VERSION = 1.0;
				PRODUCT_BUNDLE_IDENTIFIER = com.egnapolo.Calculadora;
				PRODUCT_NAME = "$(TARGET_NAME)";
				SWIFT_EMIT_LOC_STRINGS = YES;
				SWIFT_VERSION = 5.0;
				TARGETED_DEVICE_FAMILY = "1,2";
			};
			name = Release;
		};
/* End XCBuildConfiguration section */

/* Begin XCConfigurationList section */
		AE47CC9E2A1CF5D0005FB844 /* Build configuration list for PBXProject "Calculadora" */ = {
			isa = XCConfigurationList;
			buildConfigurations = (
				AE47CCAF2A1CF5D1005FB844 /* Debug */,
				AE47CCB02A1CF5D1005FB844 /* Release */,
			);
			defaultConfigurationIsVisible = 0;
			defaultConfigurationName = Release;
		};
		AE47CCB12A1CF5D1005FB844 /* Build configuration list for PBXNativeTarget "Calculadora" */ = {
			isa = XCConfigurationList;
			buildConfigurations = (
				AE47CCB22A1CF5D1005FB844 /* Debug */,
				AE47CCB32A1CF5D1005FB844 /* Release */,
			);
			defaultConfigurationIsVisible = 0;
			defaultConfigurationName = Release;
		};
/* End XCConfigurationList section */
	};
	rootObject = AE47CC9B2A1CF5D0005FB844 /* Project object */;
}
